
Microsoft Visual Studio Solution File, Format Version 12.00
# Visual Studio Version 16
VisualStudioVersion = 16.0.32901.82
MinimumVisualStudioVersion = 10.0.40219.1
Project("{9A19103F-16F7-4668-BE54-9A1E7A4F7556}") = "GameManagementDemo", "GameManagementDemo.csproj", "{1D366F66-5396-4719-8467-4B40FCF8519A}"
EndProject
Global
	GlobalSection(SolutionConfigurationPlatforms) = preSolution
		Debug|Any CPU = Debug|Any CPU
		Release|Any CPU = Release|Any CPU
	EndGlobalSection
	GlobalSection(ProjectConfigurationPlatforms) = postSolution
		{1D366F66-5396-4719-8467-4B40FCF8519A}.Debug|Any CPU.ActiveCfg = Debug|Any CPU
		{1D366F66-5396-4719-8467-4B40FCF8519A}.Debug|Any CPU.Build.0 = Debug|Any CPU
		{1D366F66-5396-4719-8467-4B40FCF8519A}.Release|Any CPU.ActiveCfg = Release|Any CPU
		{1D366F66-5396-4719-8467-4B40FCF8519A}.Release|Any CPU.Build.0 = Release|Any CPU
	EndGlobalSection
	GlobalSection(SolutionProperties) = preSolution
		HideSolutionNode = FALSE
	EndGlobalSection
	GlobalSection(ExtensibilityGlobals) = postSolution
		SolutionGuid = {DDC7B8EA-E682-4E49-9E6C-3E4884BD08E2}
	EndGlobalSection
EndGlobal
