
Microsoft Visual Studio Solution File, Format Version 12.00
# Visual Studio Version 16
VisualStudioVersion = 16.0.32901.82
MinimumVisualStudioVersion = 10.0.40219.1
Project("{9A19103F-16F7-4668-BE54-9A1E7A4F7556}") = "OOP1", "EnginDemirog\OOP1.csproj", "{DC6F3DF3-9803-437F-897E-C78350F8879C}"
EndProject
Project("{FAE04EC0-301F-11D3-BF4B-00C04F79EFBC}") = "Collections", "Collections\Collections.csproj", "{8B0D11E2-DB84-466A-A753-4FB8C81021D1}"
EndProject
Project("{FAE04EC0-301F-11D3-BF4B-00C04F79EFBC}") = "GenericsIntro", "GenericsIntro\GenericsIntro.csproj", "{EB85C938-7C4E-439A-893E-E1B6FEE8CFB9}"
EndProject
Global
	GlobalSection(SolutionConfigurationPlatforms) = preSolution
		Debug|Any CPU = Debug|Any CPU
		Release|Any CPU = Release|Any CPU
	EndGlobalSection
	GlobalSection(ProjectConfigurationPlatforms) = postSolution
		{DC6F3DF3-9803-437F-897E-C78350F8879C}.Debug|Any CPU.ActiveCfg = Debug|Any CPU
		{DC6F3DF3-9803-437F-897E-C78350F8879C}.Debug|Any CPU.Build.0 = Debug|Any CPU
		{DC6F3DF3-9803-437F-897E-C78350F8879C}.Release|Any CPU.ActiveCfg = Release|Any CPU
		{DC6F3DF3-9803-437F-897E-C78350F8879C}.Release|Any CPU.Build.0 = Release|Any CPU
		{8B0D11E2-DB84-466A-A753-4FB8C81021D1}.Debug|Any CPU.ActiveCfg = Debug|Any CPU
		{8B0D11E2-DB84-466A-A753-4FB8C81021D1}.Debug|Any CPU.Build.0 = Debug|Any CPU
		{8B0D11E2-DB84-466A-A753-4FB8C81021D1}.Release|Any CPU.ActiveCfg = Release|Any CPU
		{8B0D11E2-DB84-466A-A753-4FB8C81021D1}.Release|Any CPU.Build.0 = Release|Any CPU
		{EB85C938-7C4E-439A-893E-E1B6FEE8CFB9}.Debug|Any CPU.ActiveCfg = Debug|Any CPU
		{EB85C938-7C4E-439A-893E-E1B6FEE8CFB9}.Debug|Any CPU.Build.0 = Debug|Any CPU
		{EB85C938-7C4E-439A-893E-E1B6FEE8CFB9}.Release|Any CPU.ActiveCfg = Release|Any CPU
		{EB85C938-7C4E-439A-893E-E1B6FEE8CFB9}.Release|Any CPU.Build.0 = Release|Any CPU
	EndGlobalSection
	GlobalSection(SolutionProperties) = preSolution
		HideSolutionNode = FALSE
	EndGlobalSection
	GlobalSection(ExtensibilityGlobals) = postSolution
		SolutionGuid = {14574CF8-FCD6-450E-9BAC-BFD04EAAAD89}
	EndGlobalSection
EndGlobal
