
Microsoft Visual Studio Solution File, Format Version 12.00
# Visual Studio Version 16
VisualStudioVersion = 16.0.32901.82
MinimumVisualStudioVersion = 10.0.40219.1
Project("{9A19103F-16F7-4668-BE54-9A1E7A4F7556}") = "Collections", "Collections\Collections.csproj", "{8B0D11E2-DB84-466A-A753-4FB8C81021D1}"
EndProject
Project("{9A19103F-16F7-4668-BE54-9A1E7A4F7556}") = "GenericsIntro", "GenericsIntro\GenericsIntro.csproj", "{EB85C938-7C4E-439A-893E-E1B6FEE8CFB9}"
EndProject
Project("{9A19103F-16F7-4668-BE54-9A1E7A4F7556}") = "OOP2", "OOP2\OOP2.csproj", "{3E116BD0-0E2D-445F-9F1E-4867662BA803}"
EndProject
Project("{9A19103F-16F7-4668-BE54-9A1E7A4F7556}") = "OOP1", "OOP1\OOP1.csproj", "{B9E829C8-91CA-4F43-8D88-0CE42A8A88B0}"
EndProject
Project("{9A19103F-16F7-4668-BE54-9A1E7A4F7556}") = "OOP3", "OOP3\OOP3.csproj", "{491A55FA-BF1D-40F4-8AD1-41663BB6DA44}"
EndProject
Project("{FAE04EC0-301F-11D3-BF4B-00C04F79EFBC}") = "Attributes", "Attributes\Attributes.csproj", "{C883B22A-A12C-4739-BC19-32C4C987DAC6}"
EndProject
Project("{FAE04EC0-301F-11D3-BF4B-00C04F79EFBC}") = "Reflections", "Reflections\Reflections.csproj", "{B6185AB0-6028-4BA3-BCBA-1F6BAAA6814E}"
EndProject
Project("{FAE04EC0-301F-11D3-BF4B-00C04F79EFBC}") = "Events", "Events\Events.csproj", "{4F7F603A-CE8B-455C-8521-70AA9E667697}"
EndProject
Global
	GlobalSection(SolutionConfigurationPlatforms) = preSolution
		Debug|Any CPU = Debug|Any CPU
		Release|Any CPU = Release|Any CPU
	EndGlobalSection
	GlobalSection(ProjectConfigurationPlatforms) = postSolution
		{8B0D11E2-DB84-466A-A753-4FB8C81021D1}.Debug|Any CPU.ActiveCfg = Debug|Any CPU
		{8B0D11E2-DB84-466A-A753-4FB8C81021D1}.Debug|Any CPU.Build.0 = Debug|Any CPU
		{8B0D11E2-DB84-466A-A753-4FB8C81021D1}.Release|Any CPU.ActiveCfg = Release|Any CPU
		{8B0D11E2-DB84-466A-A753-4FB8C81021D1}.Release|Any CPU.Build.0 = Release|Any CPU
		{EB85C938-7C4E-439A-893E-E1B6FEE8CFB9}.Debug|Any CPU.ActiveCfg = Debug|Any CPU
		{EB85C938-7C4E-439A-893E-E1B6FEE8CFB9}.Debug|Any CPU.Build.0 = Debug|Any CPU
		{EB85C938-7C4E-439A-893E-E1B6FEE8CFB9}.Release|Any CPU.ActiveCfg = Release|Any CPU
		{EB85C938-7C4E-439A-893E-E1B6FEE8CFB9}.Release|Any CPU.Build.0 = Release|Any CPU
		{3E116BD0-0E2D-445F-9F1E-4867662BA803}.Debug|Any CPU.ActiveCfg = Debug|Any CPU
		{3E116BD0-0E2D-445F-9F1E-4867662BA803}.Debug|Any CPU.Build.0 = Debug|Any CPU
		{3E116BD0-0E2D-445F-9F1E-4867662BA803}.Release|Any CPU.ActiveCfg = Release|Any CPU
		{3E116BD0-0E2D-445F-9F1E-4867662BA803}.Release|Any CPU.Build.0 = Release|Any CPU
		{B9E829C8-91CA-4F43-8D88-0CE42A8A88B0}.Debug|Any CPU.ActiveCfg = Debug|Any CPU
		{B9E829C8-91CA-4F43-8D88-0CE42A8A88B0}.Debug|Any CPU.Build.0 = Debug|Any CPU
		{B9E829C8-91CA-4F43-8D88-0CE42A8A88B0}.Release|Any CPU.ActiveCfg = Release|Any CPU
		{B9E829C8-91CA-4F43-8D88-0CE42A8A88B0}.Release|Any CPU.Build.0 = Release|Any CPU
		{491A55FA-BF1D-40F4-8AD1-41663BB6DA44}.Debug|Any CPU.ActiveCfg = Debug|Any CPU
		{491A55FA-BF1D-40F4-8AD1-41663BB6DA44}.Debug|Any CPU.Build.0 = Debug|Any CPU
		{491A55FA-BF1D-40F4-8AD1-41663BB6DA44}.Release|Any CPU.ActiveCfg = Release|Any CPU
		{491A55FA-BF1D-40F4-8AD1-41663BB6DA44}.Release|Any CPU.Build.0 = Release|Any CPU
		{C883B22A-A12C-4739-BC19-32C4C987DAC6}.Debug|Any CPU.ActiveCfg = Debug|Any CPU
		{C883B22A-A12C-4739-BC19-32C4C987DAC6}.Debug|Any CPU.Build.0 = Debug|Any CPU
		{C883B22A-A12C-4739-BC19-32C4C987DAC6}.Release|Any CPU.ActiveCfg = Release|Any CPU
		{C883B22A-A12C-4739-BC19-32C4C987DAC6}.Release|Any CPU.Build.0 = Release|Any CPU
		{B6185AB0-6028-4BA3-BCBA-1F6BAAA6814E}.Debug|Any CPU.ActiveCfg = Debug|Any CPU
		{B6185AB0-6028-4BA3-BCBA-1F6BAAA6814E}.Debug|Any CPU.Build.0 = Debug|Any CPU
		{B6185AB0-6028-4BA3-BCBA-1F6BAAA6814E}.Release|Any CPU.ActiveCfg = Release|Any CPU
		{B6185AB0-6028-4BA3-BCBA-1F6BAAA6814E}.Release|Any CPU.Build.0 = Release|Any CPU
		{4F7F603A-CE8B-455C-8521-70AA9E667697}.Debug|Any CPU.ActiveCfg = Debug|Any CPU
		{4F7F603A-CE8B-455C-8521-70AA9E667697}.Debug|Any CPU.Build.0 = Debug|Any CPU
		{4F7F603A-CE8B-455C-8521-70AA9E667697}.Release|Any CPU.ActiveCfg = Release|Any CPU
		{4F7F603A-CE8B-455C-8521-70AA9E667697}.Release|Any CPU.Build.0 = Release|Any CPU
	EndGlobalSection
	GlobalSection(SolutionProperties) = preSolution
		HideSolutionNode = FALSE
	EndGlobalSection
	GlobalSection(ExtensibilityGlobals) = postSolution
		SolutionGuid = {14574CF8-FCD6-450E-9BAC-BFD04EAAAD89}
	EndGlobalSection
EndGlobal
