
Microsoft Visual Studio Solution File, Format Version 12.00
# Visual Studio Version 16
VisualStudioVersion = 16.0.32901.82
MinimumVisualStudioVersion = 10.0.40219.1
Project("{FAE04EC0-301F-11D3-BF4B-00C04F79EFBC}") = "Interfaces", "Interfaces\Interfaces.csproj", "{6FFFA5B5-D0B1-466E-BDB3-436B4B9C18E9}"
EndProject
Global
	GlobalSection(SolutionConfigurationPlatforms) = preSolution
		Debug|Any CPU = Debug|Any CPU
		Release|Any CPU = Release|Any CPU
	EndGlobalSection
	GlobalSection(ProjectConfigurationPlatforms) = postSolution
		{6FFFA5B5-D0B1-466E-BDB3-436B4B9C18E9}.Debug|Any CPU.ActiveCfg = Debug|Any CPU
		{6FFFA5B5-D0B1-466E-BDB3-436B4B9C18E9}.Debug|Any CPU.Build.0 = Debug|Any CPU
		{6FFFA5B5-D0B1-466E-BDB3-436B4B9C18E9}.Release|Any CPU.ActiveCfg = Release|Any CPU
		{6FFFA5B5-D0B1-466E-BDB3-436B4B9C18E9}.Release|Any CPU.Build.0 = Release|Any CPU
	EndGlobalSection
	GlobalSection(SolutionProperties) = preSolution
		HideSolutionNode = FALSE
	EndGlobalSection
	GlobalSection(ExtensibilityGlobals) = postSolution
		SolutionGuid = {ED826AFF-B080-4A2F-AD1D-CF34F2AB30B6}
	EndGlobalSection
EndGlobal
