
Microsoft Visual Studio Solution File, Format Version 12.00
# Visual Studio Version 16
VisualStudioVersion = 16.0.32901.82
MinimumVisualStudioVersion = 10.0.40219.1
Project("{FAE04EC0-301F-11D3-BF4B-00C04F79EFBC}") = "Constructors", "Constructors\Constructors.csproj", "{0A4C83EF-ABCD-49AD-B6E0-0E061DD6AE55}"
EndProject
Global
	GlobalSection(SolutionConfigurationPlatforms) = preSolution
		Debug|Any CPU = Debug|Any CPU
		Release|Any CPU = Release|Any CPU
	EndGlobalSection
	GlobalSection(ProjectConfigurationPlatforms) = postSolution
		{0A4C83EF-ABCD-49AD-B6E0-0E061DD6AE55}.Debug|Any CPU.ActiveCfg = Debug|Any CPU
		{0A4C83EF-ABCD-49AD-B6E0-0E061DD6AE55}.Debug|Any CPU.Build.0 = Debug|Any CPU
		{0A4C83EF-ABCD-49AD-B6E0-0E061DD6AE55}.Release|Any CPU.ActiveCfg = Release|Any CPU
		{0A4C83EF-ABCD-49AD-B6E0-0E061DD6AE55}.Release|Any CPU.Build.0 = Release|Any CPU
	EndGlobalSection
	GlobalSection(SolutionProperties) = preSolution
		HideSolutionNode = FALSE
	EndGlobalSection
	GlobalSection(ExtensibilityGlobals) = postSolution
		SolutionGuid = {61150F41-7C00-4F9D-BEC4-7DF476114FCC}
	EndGlobalSection
EndGlobal
