
Microsoft Visual Studio Solution File, Format Version 12.00
# Visual Studio Version 16
VisualStudioVersion = 16.0.32901.82
MinimumVisualStudioVersion = 10.0.40219.1
Project("{FAE04EC0-301F-11D3-BF4B-00C04F79EFBC}") = "InterfaceAbstractDemo", "InterfaceAbstractDemo\InterfaceAbstractDemo.csproj", "{FE1D851E-21FE-4857-B4F3-DFBAF4F469E2}"
EndProject
Global
	GlobalSection(SolutionConfigurationPlatforms) = preSolution
		Debug|Any CPU = Debug|Any CPU
		Release|Any CPU = Release|Any CPU
	EndGlobalSection
	GlobalSection(ProjectConfigurationPlatforms) = postSolution
		{FE1D851E-21FE-4857-B4F3-DFBAF4F469E2}.Debug|Any CPU.ActiveCfg = Debug|Any CPU
		{FE1D851E-21FE-4857-B4F3-DFBAF4F469E2}.Debug|Any CPU.Build.0 = Debug|Any CPU
		{FE1D851E-21FE-4857-B4F3-DFBAF4F469E2}.Release|Any CPU.ActiveCfg = Release|Any CPU
		{FE1D851E-21FE-4857-B4F3-DFBAF4F469E2}.Release|Any CPU.Build.0 = Release|Any CPU
	EndGlobalSection
	GlobalSection(SolutionProperties) = preSolution
		HideSolutionNode = FALSE
	EndGlobalSection
	GlobalSection(ExtensibilityGlobals) = postSolution
		SolutionGuid = {2C80595C-6039-4602-A6F4-9D31256488D1}
	EndGlobalSection
EndGlobal
