
Microsoft Visual Studio Solution File, Format Version 12.00
# Visual Studio Version 16
VisualStudioVersion = 16.0.32901.82
MinimumVisualStudioVersion = 10.0.40219.1
Project("{FAE04EC0-301F-11D3-BF4B-00C04F79EFBC}") = "Generic", "Generic\Generic.csproj", "{FB6C381A-33F0-4493-8D15-9E0262E1DEAF}"
EndProject
Global
	GlobalSection(SolutionConfigurationPlatforms) = preSolution
		Debug|Any CPU = Debug|Any CPU
		Release|Any CPU = Release|Any CPU
	EndGlobalSection
	GlobalSection(ProjectConfigurationPlatforms) = postSolution
		{FB6C381A-33F0-4493-8D15-9E0262E1DEAF}.Debug|Any CPU.ActiveCfg = Debug|Any CPU
		{FB6C381A-33F0-4493-8D15-9E0262E1DEAF}.Debug|Any CPU.Build.0 = Debug|Any CPU
		{FB6C381A-33F0-4493-8D15-9E0262E1DEAF}.Release|Any CPU.ActiveCfg = Release|Any CPU
		{FB6C381A-33F0-4493-8D15-9E0262E1DEAF}.Release|Any CPU.Build.0 = Release|Any CPU
	EndGlobalSection
	GlobalSection(SolutionProperties) = preSolution
		HideSolutionNode = FALSE
	EndGlobalSection
	GlobalSection(ExtensibilityGlobals) = postSolution
		SolutionGuid = {4E1079BB-0836-4E57-889C-CF800AA1946C}
	EndGlobalSection
EndGlobal
