
Microsoft Visual Studio Solution File, Format Version 12.00
# Visual Studio Version 16
VisualStudioVersion = 16.0.32901.82
MinimumVisualStudioVersion = 10.0.40219.1
Project("{9A19103F-16F7-4668-BE54-9A1E7A4F7556}") = "RecapDemo1", "ReCapDemo1\RecapDemo1.csproj", "{C07CB2D1-9CC6-4649-AEDC-2F3A76051862}"
EndProject
Global
	GlobalSection(SolutionConfigurationPlatforms) = preSolution
		Debug|Any CPU = Debug|Any CPU
		Release|Any CPU = Release|Any CPU
	EndGlobalSection
	GlobalSection(ProjectConfigurationPlatforms) = postSolution
		{C07CB2D1-9CC6-4649-AEDC-2F3A76051862}.Debug|Any CPU.ActiveCfg = Debug|Any CPU
		{C07CB2D1-9CC6-4649-AEDC-2F3A76051862}.Debug|Any CPU.Build.0 = Debug|Any CPU
		{C07CB2D1-9CC6-4649-AEDC-2F3A76051862}.Release|Any CPU.ActiveCfg = Release|Any CPU
		{C07CB2D1-9CC6-4649-AEDC-2F3A76051862}.Release|Any CPU.Build.0 = Release|Any CPU
	EndGlobalSection
	GlobalSection(SolutionProperties) = preSolution
		HideSolutionNode = FALSE
	EndGlobalSection
	GlobalSection(ExtensibilityGlobals) = postSolution
		SolutionGuid = {A81B33D7-0200-40BB-847E-59724FE7645A}
	EndGlobalSection
EndGlobal
